
Microsoft Visual Studio Solution File, Format Version 12.00
# Visual Studio 15
VisualStudioVersion = 15.0.28307.1145
MinimumVisualStudioVersion = 10.0.40219.1
Project("{FAE04EC0-301F-11D3-BF4B-00C04F79EFBC}") = "Exercici_Variables_Net", "Exercici_Variables_Net\Exercici_Variables_Net.csproj", "{8023B013-8BD7-40A7-8EA6-C9011319B240}"
EndProject
Global
	GlobalSection(SolutionConfigurationPlatforms) = preSolution
		Debug|Any CPU = Debug|Any CPU
		Release|Any CPU = Release|Any CPU
	EndGlobalSection
	GlobalSection(ProjectConfigurationPlatforms) = postSolution
		{8023B013-8BD7-40A7-8EA6-C9011319B240}.Debug|Any CPU.ActiveCfg = Debug|Any CPU
		{8023B013-8BD7-40A7-8EA6-C9011319B240}.Debug|Any CPU.Build.0 = Debug|Any CPU
		{8023B013-8BD7-40A7-8EA6-C9011319B240}.Release|Any CPU.ActiveCfg = Release|Any CPU
		{8023B013-8BD7-40A7-8EA6-C9011319B240}.Release|Any CPU.Build.0 = Release|Any CPU
	EndGlobalSection
	GlobalSection(SolutionProperties) = preSolution
		HideSolutionNode = FALSE
	EndGlobalSection
	GlobalSection(ExtensibilityGlobals) = postSolution
		SolutionGuid = {2C11A199-6D34-4418-9916-08F230D1EF08}
	EndGlobalSection
EndGlobal
